
Microsoft Visual Studio Solution File, Format Version 12.00
# Visual Studio Version 17
VisualStudioVersion = 17.14.36212.18 d17.14
MinimumVisualStudioVersion = 10.0.40219.1
Project("{FAE04EC0-301F-11D3-BF4B-00C04F79EFBC}") = "InsecureDesignDemonstration", "InsecureDesignDemonstration\InsecureDesignDemonstration.csproj", "{9A8BF04E-70AF-43F6-A096-B6B59B93351F}"
EndProject
Global
	GlobalSection(SolutionConfigurationPlatforms) = preSolution
		Debug|Any CPU = Debug|Any CPU
		Release|Any CPU = Release|Any CPU
	EndGlobalSection
	GlobalSection(ProjectConfigurationPlatforms) = postSolution
		{9A8BF04E-70AF-43F6-A096-B6B59B93351F}.Debug|Any CPU.ActiveCfg = Debug|Any CPU
		{9A8BF04E-70AF-43F6-A096-B6B59B93351F}.Debug|Any CPU.Build.0 = Debug|Any CPU
		{9A8BF04E-70AF-43F6-A096-B6B59B93351F}.Release|Any CPU.ActiveCfg = Release|Any CPU
		{9A8BF04E-70AF-43F6-A096-B6B59B93351F}.Release|Any CPU.Build.0 = Release|Any CPU
	EndGlobalSection
	GlobalSection(SolutionProperties) = preSolution
		HideSolutionNode = FALSE
	EndGlobalSection
	GlobalSection(ExtensibilityGlobals) = postSolution
		SolutionGuid = {421DB9DF-347E-4440-BF39-7FF6677983BB}
	EndGlobalSection
EndGlobal
